{
  "requires": true,
  "lockfileVersion": 1,
  "dependencies": {
    "zoomwall.js": {
      "version": "2.0.2",
      "resolved": "https://registry.npmjs.org/zoomwall.js/-/zoomwall.js-2.0.2.tgz",
      "integrity": "sha512-b89m9y2OOqbUD/qMWhb157nq1Zcc6R+zccAMyeEblKowFI1pQ4da22BwIcRirKw4BTi1EDajEa3uRiMhoaaR7g=="
    }
  }
}
